
Microsoft Visual Studio Solution File, Format Version 12.00
Project("{FAE04EC0-301F-11D3-BF4B-00C04F79EFBC}") = "Egzamin", "Egzamin.csproj", "{574D0350-5EC8-41B3-BB38-ED7CEDD5DC54}"
EndProject
Global
	GlobalSection(SolutionConfigurationPlatforms) = preSolution
		Debug|Any CPU = Debug|Any CPU
		Release|Any CPU = Release|Any CPU
	EndGlobalSection
	GlobalSection(ProjectConfigurationPlatforms) = postSolution
		{574D0350-5EC8-41B3-BB38-ED7CEDD5DC54}.Debug|Any CPU.ActiveCfg = Debug|Any CPU
		{574D0350-5EC8-41B3-BB38-ED7CEDD5DC54}.Debug|Any CPU.Build.0 = Debug|Any CPU
		{574D0350-5EC8-41B3-BB38-ED7CEDD5DC54}.Release|Any CPU.ActiveCfg = Release|Any CPU
		{574D0350-5EC8-41B3-BB38-ED7CEDD5DC54}.Release|Any CPU.Build.0 = Release|Any CPU
	EndGlobalSection
EndGlobal
